
Microsoft Visual Studio Solution File, Format Version 12.00
# Visual Studio Version 17
VisualStudioVersion = 17.4.33205.214
MinimumVisualStudioVersion = 10.0.40219.1
Project("{9A19103F-16F7-4668-BE54-9A1E7A4F7556}") = "Standard.AI.OpenAI", "Standard.AI.OpenAI\Standard.AI.OpenAI.csproj", "{7B546000-104C-4EC9-915D-4D853BCABF38}"
EndProject
Project("{9A19103F-16F7-4668-BE54-9A1E7A4F7556}") = "Standard.AI.OpenAI.Tests.Unit", "Standard.AI.OpenAI.Tests.Unit\Standard.AI.OpenAI.Tests.Unit.csproj", "{B762460C-CB24-4DEF-893F-8BCEFE2884D0}"
EndProject
Project("{9A19103F-16F7-4668-BE54-9A1E7A4F7556}") = "Standard.AI.OpenAI.Infrastructure.Build", "Standard.AI.OpenAI.Infrastructure.Build\Standard.AI.OpenAI.Infrastructure.Build.csproj", "{8BD71289-2C25-4434-8A04-04E7B6C55D29}"
EndProject
Project("{9A19103F-16F7-4668-BE54-9A1E7A4F7556}") = "Standard.AI.OpenAI.Tests.Acceptance", "Standard.AI.OpenAI.Tests.Acceptance\Standard.AI.OpenAI.Tests.Acceptance.csproj", "{3B748003-997E-4368-8340-B178822EBCE5}"
EndProject
Project("{9A19103F-16F7-4668-BE54-9A1E7A4F7556}") = "Standard.AI.OpenAI.Tests.Integration", "Standard.AI.OpenAI.Tests.Integration\Standard.AI.OpenAI.Tests.Integration.csproj", "{578291B4-806F-4BF9-B785-BFAA7AB7962D}"
EndProject
Global
	GlobalSection(SolutionConfigurationPlatforms) = preSolution
		Debug|Any CPU = Debug|Any CPU
		Release|Any CPU = Release|Any CPU
	EndGlobalSection
	GlobalSection(ProjectConfigurationPlatforms) = postSolution
		{7B546000-104C-4EC9-915D-4D853BCABF38}.Debug|Any CPU.ActiveCfg = Debug|Any CPU
		{7B546000-104C-4EC9-915D-4D853BCABF38}.Debug|Any CPU.Build.0 = Debug|Any CPU
		{7B546000-104C-4EC9-915D-4D853BCABF38}.Release|Any CPU.ActiveCfg = Release|Any CPU
		{7B546000-104C-4EC9-915D-4D853BCABF38}.Release|Any CPU.Build.0 = Release|Any CPU
		{B762460C-CB24-4DEF-893F-8BCEFE2884D0}.Debug|Any CPU.ActiveCfg = Debug|Any CPU
		{B762460C-CB24-4DEF-893F-8BCEFE2884D0}.Debug|Any CPU.Build.0 = Debug|Any CPU
		{B762460C-CB24-4DEF-893F-8BCEFE2884D0}.Release|Any CPU.ActiveCfg = Release|Any CPU
		{B762460C-CB24-4DEF-893F-8BCEFE2884D0}.Release|Any CPU.Build.0 = Release|Any CPU
		{8BD71289-2C25-4434-8A04-04E7B6C55D29}.Debug|Any CPU.ActiveCfg = Debug|Any CPU
		{8BD71289-2C25-4434-8A04-04E7B6C55D29}.Debug|Any CPU.Build.0 = Debug|Any CPU
		{8BD71289-2C25-4434-8A04-04E7B6C55D29}.Release|Any CPU.ActiveCfg = Release|Any CPU
		{8BD71289-2C25-4434-8A04-04E7B6C55D29}.Release|Any CPU.Build.0 = Release|Any CPU
		{3B748003-997E-4368-8340-B178822EBCE5}.Debug|Any CPU.ActiveCfg = Debug|Any CPU
		{3B748003-997E-4368-8340-B178822EBCE5}.Debug|Any CPU.Build.0 = Debug|Any CPU
		{3B748003-997E-4368-8340-B178822EBCE5}.Release|Any CPU.ActiveCfg = Release|Any CPU
		{3B748003-997E-4368-8340-B178822EBCE5}.Release|Any CPU.Build.0 = Release|Any CPU
		{578291B4-806F-4BF9-B785-BFAA7AB7962D}.Debug|Any CPU.ActiveCfg = Debug|Any CPU
		{578291B4-806F-4BF9-B785-BFAA7AB7962D}.Debug|Any CPU.Build.0 = Debug|Any CPU
		{578291B4-806F-4BF9-B785-BFAA7AB7962D}.Release|Any CPU.ActiveCfg = Release|Any CPU
		{578291B4-806F-4BF9-B785-BFAA7AB7962D}.Release|Any CPU.Build.0 = Release|Any CPU
	EndGlobalSection
	GlobalSection(SolutionProperties) = preSolution
		HideSolutionNode = FALSE
	EndGlobalSection
	GlobalSection(ExtensibilityGlobals) = postSolution
		SolutionGuid = {0BC17836-BEF1-4C0E-A0D5-C7B1A9646CD1}
	EndGlobalSection
EndGlobal
